<?xml version="1.0" encoding="utf-8"?>
<Project ToolsVersion="4.0" xmlns="http://schemas.microsoft.com/developer/msbuild/2003">
  <ItemGroup>
    <ClCompile Include="animation.cpp" />
    <ClCompile Include="Coin.cpp" />
    <ClCompile Include="game.cpp" />
    <ClCompile Include="gooba.cpp" />
    <ClCompile Include="KoopaTroopa.cpp" />
    <ClCompile Include="Leaf.cpp" />
    <ClCompile Include="main.cpp" />
    <ClCompile Include="MarioAnimationFactory.cpp" />
    <ClCompile Include="MarioGame.cpp" />
    <ClCompile Include="MarioObject.cpp" />
    <ClCompile Include="MarioState.cpp" />
    <ClCompile Include="MetalBlock.cpp" />
    <ClCompile Include="Mushroom.cpp" />
    <ClCompile Include="object.cpp" />
    <ClCompile Include="ObjectManager.cpp" />
    <ClCompile Include="BrickGround.cpp" />
    <ClCompile Include="Physics.cpp" />
    <ClCompile Include="Pipe.cpp" />
    <ClCompile Include="Qbrick.cpp" />
    <ClCompile Include="RedKoopa.cpp" />
    <ClCompile Include="sprite.cpp" />
    <ClCompile Include="StaticObject.cpp" />
    <ClCompile Include="utils.cpp" />
  </ItemGroup>
  <ItemGroup>
    <ClInclude Include="animation.h" />
    <ClInclude Include="AnimationFactory.h" />
    <ClInclude Include="BrickGround.h" />
    <ClInclude Include="Coin.h" />
    <ClInclude Include="game.h" />
    <ClInclude Include="gooba.h" />
    <ClInclude Include="KoopaTroopa.h" />
    <ClInclude Include="Leaf.h" />
    <ClInclude Include="MarioAnimationFactory.h" />
    <ClInclude Include="MarioGame.h" />
    <ClInclude Include="MarioObject.h" />
    <ClInclude Include="MarioState.h" />
    <ClInclude Include="MetalBlock.h" />
    <ClInclude Include="Mushroom.h" />
    <ClInclude Include="object.h" />
    <ClInclude Include="ObjectManager.h" />
    <ClInclude Include="Physics.h" />
    <ClInclude Include="Pipe.h" />
    <ClInclude Include="Qbrick.h" />
    <ClInclude Include="RedKoopa.h" />
    <ClInclude Include="sprite.h" />
    <ClInclude Include="StaticObject.h" />
    <ClInclude Include="utils.h" />
  </ItemGroup>
</Project>